
Microsoft Visual Studio Solution File, Format Version 12.00
# Visual Studio 2012
Project("{FAE04EC0-301F-11D3-BF4B-00C04F79EFBC}") = "MacosPinvoke", "MacosPinvoke\MacosPinvoke.csproj", "{2DB0CE57-F060-4C50-BE1F-B2215743A309}"
EndProject
Global
	GlobalSection(SolutionConfigurationPlatforms) = preSolution
		Debug|Any CPU = Debug|Any CPU
		Release|Any CPU = Release|Any CPU
	EndGlobalSection
	GlobalSection(ProjectConfigurationPlatforms) = postSolution
		{2DB0CE57-F060-4C50-BE1F-B2215743A309}.Debug|Any CPU.ActiveCfg = Debug|Any CPU
		{2DB0CE57-F060-4C50-BE1F-B2215743A309}.Debug|Any CPU.Build.0 = Debug|Any CPU
		{2DB0CE57-F060-4C50-BE1F-B2215743A309}.Release|Any CPU.ActiveCfg = Release|Any CPU
		{2DB0CE57-F060-4C50-BE1F-B2215743A309}.Release|Any CPU.Build.0 = Release|Any CPU
	EndGlobalSection
EndGlobal
